
Microsoft Visual Studio Solution File, Format Version 12.00
# Visual Studio Version 17
VisualStudioVersion = 17.4.33110.190
MinimumVisualStudioVersion = 10.0.40219.1
Project("{9A19103F-16F7-4668-BE54-9A1E7A4F7556}") = "Twitter.Api.Client", "Twitter.Api.Client\Twitter.Api.Client.csproj", "{5D9E3B44-D272-4AFB-92FF-4AD0B5CCFE00}"
EndProject
Project("{9A19103F-16F7-4668-BE54-9A1E7A4F7556}") = "Feedstistics.Lib", "Feedstistics.Lib\Feedstistics.Lib.csproj", "{2C6672F6-B826-4E4C-AF7E-302C3AC51D04}"
EndProject
Project("{9A19103F-16F7-4668-BE54-9A1E7A4F7556}") = "Feedstistics.Api", "Feedstistics.Api\Feedstistics.Api.csproj", "{2CB03E24-5898-4FA2-9C45-808BE32352E5}"
EndProject
Project("{9A19103F-16F7-4668-BE54-9A1E7A4F7556}") = "Feedstistics.Data", "Feedstistics.Data\Feedstistics.Data.csproj", "{7D85D693-8833-4A84-82D4-A58A0211697D}"
EndProject
Project("{9A19103F-16F7-4668-BE54-9A1E7A4F7556}") = "Feedstistics.Shared", "Feedstistics.Shared\Feedstistics.Shared.csproj", "{00D4B3F2-B0C6-433F-93FF-8AC20E262F7A}"
EndProject
Project("{9A19103F-16F7-4668-BE54-9A1E7A4F7556}") = "Feed.Runner.Lib", "Feed.Runner.Lib\Feed.Runner.Lib.csproj", "{3EBECCC0-E8B6-46CA-B5C4-33E5FCB3333F}"
EndProject
Project("{9A19103F-16F7-4668-BE54-9A1E7A4F7556}") = "Feed.Runner.Lib.Tests", "Feed.Runner.Lib.Tests\Feed.Runner.Lib.Tests.csproj", "{CB59BF1E-871B-4E1F-AFE8-82447976DFA8}"
EndProject
Project("{9A19103F-16F7-4668-BE54-9A1E7A4F7556}") = "Feed.Runner", "Feed.Runner\Feed.Runner.csproj", "{9078E124-CA4E-4326-ABDA-B070627B1725}"
EndProject
Project("{2150E333-8FDC-42A3-9474-1A3956D46DE8}") = "Runner", "Runner", "{E0CA09A8-7EDD-4C9A-85F0-CA974E147B8B}"
EndProject
Project("{2150E333-8FDC-42A3-9474-1A3956D46DE8}") = "Shared", "Shared", "{D4FF71A8-E7C7-4012-93B9-EF0CC5B37E42}"
EndProject
Project("{9A19103F-16F7-4668-BE54-9A1E7A4F7556}") = "Twitter.Api.Data", "Twitter.Api.Data\Twitter.Api.Data.csproj", "{8BE8555D-A081-40C6-A405-E7E7A8C34CE4}"
EndProject
Project("{2150E333-8FDC-42A3-9474-1A3956D46DE8}") = "Statistics", "Statistics", "{89E728C2-D2E0-490D-93F4-70578F9CF371}"
EndProject
Project("{2150E333-8FDC-42A3-9474-1A3956D46DE8}") = "Worker", "Worker", "{8193061A-B415-48D4-967D-169C2BBE4248}"
EndProject
Project("{2150E333-8FDC-42A3-9474-1A3956D46DE8}") = "API", "API", "{773E005C-F967-46A9-88F3-4639D2AA7607}"
EndProject
Project("{2150E333-8FDC-42A3-9474-1A3956D46DE8}") = "Database", "Database", "{CB8121D8-5796-4CBC-92D6-C94CD510CD7B}"
EndProject
Project("{2150E333-8FDC-42A3-9474-1A3956D46DE8}") = "Worker", "Worker", "{63678A86-839A-4EDC-AEDC-42AB3F1D56AA}"
EndProject
Project("{9A19103F-16F7-4668-BE54-9A1E7A4F7556}") = "Feedstistics.EF", "Feedstistics.Temporal.EF\Feedstistics.EF.csproj", "{686516CB-4522-403D-91F8-1AC2CB5F7AD3}"
EndProject
Project("{E6C563F2-BDC2-4A24-ACBF-01715157DCBB}") = "FeedstisticsTwitterStreamAnalytics", "Feedstistics.StreamAnalytics\FeedstisticsTwitterStreamAnalytics.asaproj", "{DBF4379C-92B1-41BF-B9B7-C8EA86B18AAE}"
EndProject
Project("{9A19103F-16F7-4668-BE54-9A1E7A4F7556}") = "Feedstistics.EF.Migrations", "Feedstistics.EF.Migrations\Feedstistics.EF.Migrations.csproj", "{56F638BA-863E-4E0B-8691-530AAB81BDC6}"
EndProject
Global
	GlobalSection(SolutionConfigurationPlatforms) = preSolution
		Debug|Any CPU = Debug|Any CPU
		Release|Any CPU = Release|Any CPU
	EndGlobalSection
	GlobalSection(ProjectConfigurationPlatforms) = postSolution
		{5D9E3B44-D272-4AFB-92FF-4AD0B5CCFE00}.Debug|Any CPU.ActiveCfg = Debug|Any CPU
		{5D9E3B44-D272-4AFB-92FF-4AD0B5CCFE00}.Debug|Any CPU.Build.0 = Debug|Any CPU
		{5D9E3B44-D272-4AFB-92FF-4AD0B5CCFE00}.Release|Any CPU.ActiveCfg = Release|Any CPU
		{5D9E3B44-D272-4AFB-92FF-4AD0B5CCFE00}.Release|Any CPU.Build.0 = Release|Any CPU
		{2C6672F6-B826-4E4C-AF7E-302C3AC51D04}.Debug|Any CPU.ActiveCfg = Debug|Any CPU
		{2C6672F6-B826-4E4C-AF7E-302C3AC51D04}.Debug|Any CPU.Build.0 = Debug|Any CPU
		{2C6672F6-B826-4E4C-AF7E-302C3AC51D04}.Release|Any CPU.ActiveCfg = Release|Any CPU
		{2C6672F6-B826-4E4C-AF7E-302C3AC51D04}.Release|Any CPU.Build.0 = Release|Any CPU
		{2CB03E24-5898-4FA2-9C45-808BE32352E5}.Debug|Any CPU.ActiveCfg = Debug|Any CPU
		{2CB03E24-5898-4FA2-9C45-808BE32352E5}.Debug|Any CPU.Build.0 = Debug|Any CPU
		{2CB03E24-5898-4FA2-9C45-808BE32352E5}.Release|Any CPU.ActiveCfg = Release|Any CPU
		{2CB03E24-5898-4FA2-9C45-808BE32352E5}.Release|Any CPU.Build.0 = Release|Any CPU
		{7D85D693-8833-4A84-82D4-A58A0211697D}.Debug|Any CPU.ActiveCfg = Debug|Any CPU
		{7D85D693-8833-4A84-82D4-A58A0211697D}.Debug|Any CPU.Build.0 = Debug|Any CPU
		{7D85D693-8833-4A84-82D4-A58A0211697D}.Release|Any CPU.ActiveCfg = Release|Any CPU
		{7D85D693-8833-4A84-82D4-A58A0211697D}.Release|Any CPU.Build.0 = Release|Any CPU
		{00D4B3F2-B0C6-433F-93FF-8AC20E262F7A}.Debug|Any CPU.ActiveCfg = Debug|Any CPU
		{00D4B3F2-B0C6-433F-93FF-8AC20E262F7A}.Debug|Any CPU.Build.0 = Debug|Any CPU
		{00D4B3F2-B0C6-433F-93FF-8AC20E262F7A}.Release|Any CPU.ActiveCfg = Release|Any CPU
		{00D4B3F2-B0C6-433F-93FF-8AC20E262F7A}.Release|Any CPU.Build.0 = Release|Any CPU
		{3EBECCC0-E8B6-46CA-B5C4-33E5FCB3333F}.Debug|Any CPU.ActiveCfg = Debug|Any CPU
		{3EBECCC0-E8B6-46CA-B5C4-33E5FCB3333F}.Debug|Any CPU.Build.0 = Debug|Any CPU
		{3EBECCC0-E8B6-46CA-B5C4-33E5FCB3333F}.Release|Any CPU.ActiveCfg = Release|Any CPU
		{3EBECCC0-E8B6-46CA-B5C4-33E5FCB3333F}.Release|Any CPU.Build.0 = Release|Any CPU
		{CB59BF1E-871B-4E1F-AFE8-82447976DFA8}.Debug|Any CPU.ActiveCfg = Debug|Any CPU
		{CB59BF1E-871B-4E1F-AFE8-82447976DFA8}.Debug|Any CPU.Build.0 = Debug|Any CPU
		{CB59BF1E-871B-4E1F-AFE8-82447976DFA8}.Release|Any CPU.ActiveCfg = Release|Any CPU
		{CB59BF1E-871B-4E1F-AFE8-82447976DFA8}.Release|Any CPU.Build.0 = Release|Any CPU
		{9078E124-CA4E-4326-ABDA-B070627B1725}.Debug|Any CPU.ActiveCfg = Debug|Any CPU
		{9078E124-CA4E-4326-ABDA-B070627B1725}.Debug|Any CPU.Build.0 = Debug|Any CPU
		{9078E124-CA4E-4326-ABDA-B070627B1725}.Release|Any CPU.ActiveCfg = Release|Any CPU
		{9078E124-CA4E-4326-ABDA-B070627B1725}.Release|Any CPU.Build.0 = Release|Any CPU
		{8BE8555D-A081-40C6-A405-E7E7A8C34CE4}.Debug|Any CPU.ActiveCfg = Debug|Any CPU
		{8BE8555D-A081-40C6-A405-E7E7A8C34CE4}.Debug|Any CPU.Build.0 = Debug|Any CPU
		{8BE8555D-A081-40C6-A405-E7E7A8C34CE4}.Release|Any CPU.ActiveCfg = Release|Any CPU
		{8BE8555D-A081-40C6-A405-E7E7A8C34CE4}.Release|Any CPU.Build.0 = Release|Any CPU
		{686516CB-4522-403D-91F8-1AC2CB5F7AD3}.Debug|Any CPU.ActiveCfg = Debug|Any CPU
		{686516CB-4522-403D-91F8-1AC2CB5F7AD3}.Debug|Any CPU.Build.0 = Debug|Any CPU
		{686516CB-4522-403D-91F8-1AC2CB5F7AD3}.Release|Any CPU.ActiveCfg = Release|Any CPU
		{686516CB-4522-403D-91F8-1AC2CB5F7AD3}.Release|Any CPU.Build.0 = Release|Any CPU
		{DBF4379C-92B1-41BF-B9B7-C8EA86B18AAE}.Debug|Any CPU.ActiveCfg = Debug|Any CPU
		{DBF4379C-92B1-41BF-B9B7-C8EA86B18AAE}.Debug|Any CPU.Build.0 = Debug|Any CPU
		{DBF4379C-92B1-41BF-B9B7-C8EA86B18AAE}.Release|Any CPU.ActiveCfg = Release|Any CPU
		{DBF4379C-92B1-41BF-B9B7-C8EA86B18AAE}.Release|Any CPU.Build.0 = Release|Any CPU
		{56F638BA-863E-4E0B-8691-530AAB81BDC6}.Debug|Any CPU.ActiveCfg = Debug|Any CPU
		{56F638BA-863E-4E0B-8691-530AAB81BDC6}.Debug|Any CPU.Build.0 = Debug|Any CPU
		{56F638BA-863E-4E0B-8691-530AAB81BDC6}.Release|Any CPU.ActiveCfg = Release|Any CPU
		{56F638BA-863E-4E0B-8691-530AAB81BDC6}.Release|Any CPU.Build.0 = Release|Any CPU
	EndGlobalSection
	GlobalSection(SolutionProperties) = preSolution
		HideSolutionNode = FALSE
	EndGlobalSection
	GlobalSection(NestedProjects) = preSolution
		{5D9E3B44-D272-4AFB-92FF-4AD0B5CCFE00} = {63678A86-839A-4EDC-AEDC-42AB3F1D56AA}
		{2CB03E24-5898-4FA2-9C45-808BE32352E5} = {773E005C-F967-46A9-88F3-4639D2AA7607}
		{00D4B3F2-B0C6-433F-93FF-8AC20E262F7A} = {D4FF71A8-E7C7-4012-93B9-EF0CC5B37E42}
		{3EBECCC0-E8B6-46CA-B5C4-33E5FCB3333F} = {63678A86-839A-4EDC-AEDC-42AB3F1D56AA}
		{CB59BF1E-871B-4E1F-AFE8-82447976DFA8} = {63678A86-839A-4EDC-AEDC-42AB3F1D56AA}
		{9078E124-CA4E-4326-ABDA-B070627B1725} = {63678A86-839A-4EDC-AEDC-42AB3F1D56AA}
		{8BE8555D-A081-40C6-A405-E7E7A8C34CE4} = {D4FF71A8-E7C7-4012-93B9-EF0CC5B37E42}
		{8193061A-B415-48D4-967D-169C2BBE4248} = {89E728C2-D2E0-490D-93F4-70578F9CF371}
		{773E005C-F967-46A9-88F3-4639D2AA7607} = {89E728C2-D2E0-490D-93F4-70578F9CF371}
		{CB8121D8-5796-4CBC-92D6-C94CD510CD7B} = {89E728C2-D2E0-490D-93F4-70578F9CF371}
		{63678A86-839A-4EDC-AEDC-42AB3F1D56AA} = {E0CA09A8-7EDD-4C9A-85F0-CA974E147B8B}
		{686516CB-4522-403D-91F8-1AC2CB5F7AD3} = {CB8121D8-5796-4CBC-92D6-C94CD510CD7B}
		{DBF4379C-92B1-41BF-B9B7-C8EA86B18AAE} = {8193061A-B415-48D4-967D-169C2BBE4248}
		{56F638BA-863E-4E0B-8691-530AAB81BDC6} = {CB8121D8-5796-4CBC-92D6-C94CD510CD7B}
	EndGlobalSection
	GlobalSection(ExtensibilityGlobals) = postSolution
		SolutionGuid = {77020360-B5CD-4431-A900-BEE673E4088C}
	EndGlobalSection
EndGlobal
